{
  "name": "garment-pattern-lab",
  "version": "0.1.0",
  "lockfileVersion": 3,
  "requires": true,
  "packages": {
    "": {
      "name": "garment-pattern-lab",
      "version": "0.1.0",
      "dependencies": {
        "@neplex/vectorizer": "^0.0.5"
      }
    },
    "node_modules/@neplex/vectorizer": {
      "version": "0.0.5",
      "resolved": "https://registry.npmjs.org/@neplex/vectorizer/-/vectorizer-0.0.5.tgz",
      "integrity": "sha512-lGXsEYK3xqAQ1U/kKNr3m7ml5cFZMYPfuCD3gj/g+1fqRjO7ornjS39TjY89EgvZFLWOWQEUzo2QCEgIUPlGyg==",
      "license": "MIT",
      "dependencies": {
        "commander": "^13.0.0",
        "picocolors": "^1.1.1"
      },
      "bin": {
        "vectorizer": "cli/index.mjs"
      },
      "engines": {
        "node": ">= 10"
      },
      "optionalDependencies": {
        "@neplex/vectorizer-android-arm-eabi": "0.0.5",
        "@neplex/vectorizer-android-arm64": "0.0.5",
        "@neplex/vectorizer-darwin-arm64": "0.0.5",
        "@neplex/vectorizer-darwin-x64": "0.0.5",
        "@neplex/vectorizer-freebsd-x64": "0.0.5",
        "@neplex/vectorizer-linux-arm-gnueabihf": "0.0.5",
        "@neplex/vectorizer-linux-arm64-gnu": "0.0.5",
        "@neplex/vectorizer-linux-arm64-musl": "0.0.5",
        "@neplex/vectorizer-linux-x64-gnu": "0.0.5",
        "@neplex/vectorizer-linux-x64-musl": "0.0.5",
        "@neplex/vectorizer-win32-arm64-msvc": "0.0.5",
        "@neplex/vectorizer-win32-ia32-msvc": "0.0.5",
        "@neplex/vectorizer-win32-x64-msvc": "0.0.5"
      }
    },
    "node_modules/@neplex/vectorizer-android-arm-eabi": {
      "version": "0.0.5",
      "resolved": "https://registry.npmjs.org/@neplex/vectorizer-android-arm-eabi/-/vectorizer-android-arm-eabi-0.0.5.tgz",
      "integrity": "sha512-UqT68l9qjG1w5qeZ8g9FMGZ1YKkejyE7mHIh4otIj2lXYWQ0z0cfH1gZn4SQb47l2SLGEGJsGdqQLEM1nKdIwQ==",
      "cpu": [
        "arm"
      ],
      "license": "MIT",
      "optional": true,
      "os": [
        "android"
      ],
      "engines": {
        "node": ">= 10"
      }
    },
    "node_modules/@neplex/vectorizer-android-arm64": {
      "version": "0.0.5",
      "resolved": "https://registry.npmjs.org/@neplex/vectorizer-android-arm64/-/vectorizer-android-arm64-0.0.5.tgz",
      "integrity": "sha512-OFdfqI00O1oOokeREv0EzKRQVok3Pngsrk9AbUwkV/kpoKY0bYNaRIK1JnddW3nCwgQQxzXxUnahyhPXhoL0xA==",
      "cpu": [
        "arm64"
      ],
      "license": "MIT",
      "optional": true,
      "os": [
        "android"
      ],
      "engines": {
        "node": ">= 10"
      }
    },
    "node_modules/@neplex/vectorizer-darwin-arm64": {
      "version": "0.0.5",
      "resolved": "https://registry.npmjs.org/@neplex/vectorizer-darwin-arm64/-/vectorizer-darwin-arm64-0.0.5.tgz",
      "integrity": "sha512-1Z3PjAufy20eZsy8BOq6u32Gz2JNAWgaqNO1IDhZpA5CBZzGvpk77GM7FtcOsC/O1Tb3Q/puKHIDCYs8tKFYyQ==",
      "cpu": [
        "arm64"
      ],
      "license": "MIT",
      "optional": true,
      "os": [
        "darwin"
      ],
      "engines": {
        "node": ">= 10"
      }
    },
    "node_modules/@neplex/vectorizer-darwin-x64": {
      "version": "0.0.5",
      "resolved": "https://registry.npmjs.org/@neplex/vectorizer-darwin-x64/-/vectorizer-darwin-x64-0.0.5.tgz",
      "integrity": "sha512-rOASaDXqbTvipNFk2DjTjaiiqXteE54Y9DyWz4OfEDT8oOdOL66qqKM6rfn5fUEiDstxPmb30BzPDKz74JCJ3g==",
      "cpu": [
        "x64"
      ],
      "license": "MIT",
      "optional": true,
      "os": [
        "darwin"
      ],
      "engines": {
        "node": ">= 10"
      }
    },
    "node_modules/@neplex/vectorizer-freebsd-x64": {
      "version": "0.0.5",
      "resolved": "https://registry.npmjs.org/@neplex/vectorizer-freebsd-x64/-/vectorizer-freebsd-x64-0.0.5.tgz",
      "integrity": "sha512-jVC1v3645mSLwqBVuXeEY9FWas9253zwV5CsFcDNPL8Eues81m2npt/FBMD/+MluaASAAXrQG0Ree41ACBbwzw==",
      "cpu": [
        "x64"
      ],
      "license": "MIT",
      "optional": true,
      "os": [
        "freebsd"
      ],
      "engines": {
        "node": ">= 10"
      }
    },
    "node_modules/@neplex/vectorizer-linux-arm-gnueabihf": {
      "version": "0.0.5",
      "resolved": "https://registry.npmjs.org/@neplex/vectorizer-linux-arm-gnueabihf/-/vectorizer-linux-arm-gnueabihf-0.0.5.tgz",
      "integrity": "sha512-iF6npMyuJv75860m7Pb8mwvcBpzoVLddSPJoIpq9ocxeABgWiqt8oaxLnt9fby+OheRLMAu/+hRGT9Kvkf7Pfg==",
      "cpu": [
        "arm"
      ],
      "license": "MIT",
      "optional": true,
      "os": [
        "linux"
      ],
      "engines": {
        "node": ">= 10"
      }
    },
    "node_modules/@neplex/vectorizer-linux-arm64-gnu": {
      "version": "0.0.5",
      "resolved": "https://registry.npmjs.org/@neplex/vectorizer-linux-arm64-gnu/-/vectorizer-linux-arm64-gnu-0.0.5.tgz",
      "integrity": "sha512-qByFaIeOecgoywgyYc5KyvfeQVtTvazjSZkOegdWDCyK9KmuFps9NHS2gJIYcd/gIUnlwnkkXWCYgd7ClSBM8g==",
      "cpu": [
        "arm64"
      ],
      "license": "MIT",
      "optional": true,
      "os": [
        "linux"
      ],
      "engines": {
        "node": ">= 10"
      }
    },
    "node_modules/@neplex/vectorizer-linux-arm64-musl": {
      "version": "0.0.5",
      "resolved": "https://registry.npmjs.org/@neplex/vectorizer-linux-arm64-musl/-/vectorizer-linux-arm64-musl-0.0.5.tgz",
      "integrity": "sha512-r2a85bAkgwSxAbQTSHnzXaDZCyABgVTYf6f0OSh1oGHHIc9pC97VUZbmQLtGFeIQLQR9j4nKjF1MlOHmnV4EDA==",
      "cpu": [
        "arm64"
      ],
      "license": "MIT",
      "optional": true,
      "os": [
        "linux"
      ],
      "engines": {
        "node": ">= 10"
      }
    },
    "node_modules/@neplex/vectorizer-linux-x64-gnu": {
      "version": "0.0.5",
      "resolved": "https://registry.npmjs.org/@neplex/vectorizer-linux-x64-gnu/-/vectorizer-linux-x64-gnu-0.0.5.tgz",
      "integrity": "sha512-8pdPe27RNXHwkvYiK3vj5b3/Yi8rWgJzUsBdT/Jm2bjk5c32wiV454yT0fLZQjRB1DCAK2DvyHjf6eZ0R9HaJg==",
      "cpu": [
        "x64"
      ],
      "license": "MIT",
      "optional": true,
      "os": [
        "linux"
      ],
      "engines": {
        "node": ">= 10"
      }
    },
    "node_modules/@neplex/vectorizer-linux-x64-musl": {
      "version": "0.0.5",
      "resolved": "https://registry.npmjs.org/@neplex/vectorizer-linux-x64-musl/-/vectorizer-linux-x64-musl-0.0.5.tgz",
      "integrity": "sha512-VP/DHuX40I/9KzSFRctxksXzJBGwbPE/E30NCAcPA1mS6iApovWsZe3la5dA9A5kStaKh9wTJcZuVEGL8tGIMg==",
      "cpu": [
        "x64"
      ],
      "license": "MIT",
      "optional": true,
      "os": [
        "linux"
      ],
      "engines": {
        "node": ">= 10"
      }
    },
    "node_modules/@neplex/vectorizer-win32-arm64-msvc": {
      "version": "0.0.5",
      "resolved": "https://registry.npmjs.org/@neplex/vectorizer-win32-arm64-msvc/-/vectorizer-win32-arm64-msvc-0.0.5.tgz",
      "integrity": "sha512-VfQRITnqvjABiIcnx5b/9XjyktTbpDHzY2nVt5wplOqGM88f6fPn2JYiia7IEdv2BA/1+oN/Bcw75eq12mW8Ug==",
      "cpu": [
        "arm64"
      ],
      "license": "MIT",
      "optional": true,
      "os": [
        "win32"
      ],
      "engines": {
        "node": ">= 10"
      }
    },
    "node_modules/@neplex/vectorizer-win32-ia32-msvc": {
      "version": "0.0.5",
      "resolved": "https://registry.npmjs.org/@neplex/vectorizer-win32-ia32-msvc/-/vectorizer-win32-ia32-msvc-0.0.5.tgz",
      "integrity": "sha512-q1R7Hnz3DK6Ls/XqRoanWEmRj3Goj5BKeayroaIzJy0uMAvpBhzcKw8hbkwIo0Cusm71Pnuninl+8MzfeQRo1w==",
      "cpu": [
        "ia32"
      ],
      "license": "MIT",
      "optional": true,
      "os": [
        "win32"
      ],
      "engines": {
        "node": ">= 10"
      }
    },
    "node_modules/@neplex/vectorizer-win32-x64-msvc": {
      "version": "0.0.5",
      "resolved": "https://registry.npmjs.org/@neplex/vectorizer-win32-x64-msvc/-/vectorizer-win32-x64-msvc-0.0.5.tgz",
      "integrity": "sha512-At6NLzjv5pXHnXAgDjhhC7qV4suuCWK+lYBH05mdxY4dnvPyhIA3J+uvqNbvI2D5951fTXkF8JoLf6TyAQleVQ==",
      "cpu": [
        "x64"
      ],
      "license": "MIT",
      "optional": true,
      "os": [
        "win32"
      ],
      "engines": {
        "node": ">= 10"
      }
    },
    "node_modules/commander": {
      "version": "13.1.0",
      "resolved": "https://registry.npmjs.org/commander/-/commander-13.1.0.tgz",
      "integrity": "sha512-/rFeCpNJQbhSZjGVwO9RFV3xPqbnERS8MmIQzCtD/zl6gpJuV/bMLuN92oG3F7d8oDEHHRrujSXNUr8fpjntKw==",
      "license": "MIT",
      "engines": {
        "node": ">=18"
      }
    },
    "node_modules/picocolors": {
      "version": "1.1.1",
      "resolved": "https://registry.npmjs.org/picocolors/-/picocolors-1.1.1.tgz",
      "integrity": "sha512-xceH2snhtb5M9liqDsmEw56le376mTZkEX/jEb/RxNFyegNul7eNslCXP9FDj/Lcu0X8KEyMceP2ntpaHrDEVA==",
      "license": "ISC"
    }
  }
}
